
Microsoft Visual Studio Solution File, Format Version 12.00
# Visual Studio Version 17
VisualStudioVersion = 17.14.36429.23 d17.14
MinimumVisualStudioVersion = 10.0.40219.1
Project("{FAE04EC0-301F-11D3-BF4B-00C04F79EFBC}") = "BiblioMatriculas", "BiblioMatriculas.csproj", "{B77F08B3-7F9A-4A67-9ACA-9AD918B2D48D}"
EndProject
Global
	GlobalSection(SolutionConfigurationPlatforms) = preSolution
		Debug|Any CPU = Debug|Any CPU
		Release|Any CPU = Release|Any CPU
	EndGlobalSection
	GlobalSection(ProjectConfigurationPlatforms) = postSolution
		{B77F08B3-7F9A-4A67-9ACA-9AD918B2D48D}.Debug|Any CPU.ActiveCfg = Debug|Any CPU
		{B77F08B3-7F9A-4A67-9ACA-9AD918B2D48D}.Debug|Any CPU.Build.0 = Debug|Any CPU
		{B77F08B3-7F9A-4A67-9ACA-9AD918B2D48D}.Release|Any CPU.ActiveCfg = Release|Any CPU
		{B77F08B3-7F9A-4A67-9ACA-9AD918B2D48D}.Release|Any CPU.Build.0 = Release|Any CPU
	EndGlobalSection
	GlobalSection(SolutionProperties) = preSolution
		HideSolutionNode = FALSE
	EndGlobalSection
	GlobalSection(ExtensibilityGlobals) = postSolution
		SolutionGuid = {BCEAC5A7-3203-4FA7-BFBB-9FE70EB5DCD4}
	EndGlobalSection
EndGlobal
